
Microsoft Visual Studio Solution File, Format Version 12.00
# Visual Studio Version 16
VisualStudioVersion = 16.0.31729.503
MinimumVisualStudioVersion = 10.0.40219.1
Project("{FAE04EC0-301F-11D3-BF4B-00C04F79EFBC}") = "SalesForceApi", "SalesForceApi\SalesForceApi.csproj", "{466CBDEF-0543-4F68-BA17-878DD45B16D4}"
EndProject
Global
	GlobalSection(SolutionConfigurationPlatforms) = preSolution
		Debug|Any CPU = Debug|Any CPU
		Release|Any CPU = Release|Any CPU
	EndGlobalSection
	GlobalSection(ProjectConfigurationPlatforms) = postSolution
		{466CBDEF-0543-4F68-BA17-878DD45B16D4}.Debug|Any CPU.ActiveCfg = Debug|Any CPU
		{466CBDEF-0543-4F68-BA17-878DD45B16D4}.Debug|Any CPU.Build.0 = Debug|Any CPU
		{466CBDEF-0543-4F68-BA17-878DD45B16D4}.Release|Any CPU.ActiveCfg = Release|Any CPU
		{466CBDEF-0543-4F68-BA17-878DD45B16D4}.Release|Any CPU.Build.0 = Release|Any CPU
	EndGlobalSection
	GlobalSection(SolutionProperties) = preSolution
		HideSolutionNode = FALSE
	EndGlobalSection
	GlobalSection(ExtensibilityGlobals) = postSolution
		SolutionGuid = {B3450066-3A2F-437A-8D9A-544CC52C2311}
	EndGlobalSection
EndGlobal
